{
  "name": "validate-npm-package-license",
  "version": "3.0.1",
  "lockfileVersion": 1,
  "dependencies": {
    "defence-cli": {
      "version": "2.0.1",
      "resolved": "https://registry.npmjs.org/defence-cli/-/defence-cli-2.0.1.tgz",
      "integrity": "sha1-ENJOnNE9imIhkRltathzhYcJFBs=",
      "dev": true,
      "dependencies": {
        "commonmark": {
          "version": "0.25.1",
          "resolved": "https://registry.npmjs.org/commonmark/-/commonmark-0.25.1.tgz",
          "integrity": "sha1-1bQO4lFnkjSu1Sayc480+92lqCs=",
          "dev": true
        },
        "defence": {
          "version": "2.0.1",
          "resolved": "https://registry.npmjs.org/defence/-/defence-2.0.1.tgz",
          "integrity": "sha1-3Ql3zcqboAk3QmUP8JIuazKbA+E=",
          "dev": true
        }
      }
    },
    "docopt": {
      "version": "0.6.2",
      "resolved": "https://registry.npmjs.org/docopt/-/docopt-0.6.2.tgz",
      "integrity": "sha1-so6eIiDaXsSffqW7JKR3h0Be6xE=",
      "dev": true
    },
    "entities": {
      "version": "1.1.1",
      "resolved": "https://registry.npmjs.org/entities/-/entities-1.1.1.tgz",
      "integrity": "sha1-blwtClYhtdra7O+AuQ7ftc13cvA=",
      "dev": true
    },
    "mdurl": {
      "version": "1.0.1",
      "resolved": "https://registry.npmjs.org/mdurl/-/mdurl-1.0.1.tgz",
      "integrity": "sha1-/oWy7HWlkDfyrf7BAP1sYBdhFS4=",
      "dev": true
    },
    "minimist": {
      "version": "1.2.0",
      "resolved": "https://registry.npmjs.org/minimist/-/minimist-1.2.0.tgz",
      "integrity": "sha1-o1AIsg9BOD7sH7kU9M1d95omQoQ=",
      "dev": true
    },
    "replace-require-self": {
      "version": "1.1.1",
      "resolved": "https://registry.npmjs.org/replace-require-self/-/replace-require-self-1.1.1.tgz",
      "integrity": "sha1-u5k4+d1rNKJeqrwOCJ3ZvV5Kdds=",
      "dev": true
    },
    "spdx-correct": {
      "version": "1.0.2",
      "resolved": "https://registry.npmjs.org/spdx-correct/-/spdx-correct-1.0.2.tgz",
      "integrity": "sha1-SzBz2TP/UfORLwOsVRlJikFQ20A="
    },
    "spdx-expression-parse": {
      "version": "1.0.4",
      "resolved": "https://registry.npmjs.org/spdx-expression-parse/-/spdx-expression-parse-1.0.4.tgz",
      "integrity": "sha1-m98vIOH0DtRH++JzJmGR/O1RYmw="
    },
    "spdx-license-ids": {
      "version": "1.2.2",
      "resolved": "https://registry.npmjs.org/spdx-license-ids/-/spdx-license-ids-1.2.2.tgz",
      "integrity": "sha1-yd96NCRZSt5r0RkA1ZZpbcBrrFc="
    },
    "stream-replace": {
      "version": "1.0.0",
      "resolved": "https://registry.npmjs.org/stream-replace/-/stream-replace-1.0.0.tgz",
      "integrity": "sha1-CswL8ydWYmZuSLxdoiwIBwCyaQ0=",
      "dev": true
    },
    "string.prototype.repeat": {
      "version": "0.2.0",
      "resolved": "https://registry.npmjs.org/string.prototype.repeat/-/string.prototype.repeat-0.2.0.tgz",
      "integrity": "sha1-q6Nt4I3O5qWjN9SbLqHaGyj8Ds8=",
      "dev": true
    }
  }
}
