{
  "name": "validate-npm-package-license",
  "version": "3.0.2",
  "lockfileVersion": 1,
  "requires": true,
  "dependencies": {
    "defence-cli": {
      "version": "2.0.1",
      "resolved": "https://registry.npmjs.org/defence-cli/-/defence-cli-2.0.1.tgz",
      "integrity": "sha1-ENJOnNE9imIhkRltathzhYcJFBs=",
      "dev": true,
      "requires": {
        "defence": "2.0.1",
        "docopt": "0.6.2"
      },
      "dependencies": {
        "commonmark": {
          "version": "0.25.1",
          "resolved": "https://registry.npmjs.org/commonmark/-/commonmark-0.25.1.tgz",
          "integrity": "sha1-1bQO4lFnkjSu1Sayc480+92lqCs=",
          "dev": true,
          "requires": {
            "entities": "1.1.1",
            "mdurl": "1.0.1",
            "minimist": "1.2.0",
            "string.prototype.repeat": "0.2.0"
          }
        },
        "defence": {
          "version": "2.0.1",
          "resolved": "https://registry.npmjs.org/defence/-/defence-2.0.1.tgz",
          "integrity": "sha1-3Ql3zcqboAk3QmUP8JIuazKbA+E=",
          "dev": true,
          "requires": {
            "commonmark": "0.25.1"
          }
        }
      }
    },
    "docopt": {
      "version": "0.6.2",
      "resolved": "https://registry.npmjs.org/docopt/-/docopt-0.6.2.tgz",
      "integrity": "sha1-so6eIiDaXsSffqW7JKR3h0Be6xE=",
      "dev": true
    },
    "entities": {
      "version": "1.1.1",
      "resolved": "https://registry.npmjs.org/entities/-/entities-1.1.1.tgz",
      "integrity": "sha1-blwtClYhtdra7O+AuQ7ftc13cvA=",
      "dev": true
    },
    "mdurl": {
      "version": "1.0.1",
      "resolved": "https://registry.npmjs.org/mdurl/-/mdurl-1.0.1.tgz",
      "integrity": "sha1-/oWy7HWlkDfyrf7BAP1sYBdhFS4=",
      "dev": true
    },
    "minimist": {
      "version": "1.2.0",
      "resolved": "https://registry.npmjs.org/minimist/-/minimist-1.2.0.tgz",
      "integrity": "sha1-o1AIsg9BOD7sH7kU9M1d95omQoQ=",
      "dev": true
    },
    "replace-require-self": {
      "version": "1.1.1",
      "resolved": "https://registry.npmjs.org/replace-require-self/-/replace-require-self-1.1.1.tgz",
      "integrity": "sha1-u5k4+d1rNKJeqrwOCJ3ZvV5Kdds=",
      "dev": true,
      "requires": {
        "stream-replace": "1.0.0"
      }
    },
    "spdx-correct": {
      "version": "2.0.4",
      "resolved": "https://registry.npmjs.org/spdx-correct/-/spdx-correct-2.0.4.tgz",
      "integrity": "sha512-c+4gPpt9YDhz7cHlz5UrsHzxxRi4ksclxnEEKsuGT9JdwSC+ZNmsGbYRzzgxyZaBYpcWnlu+4lPcdLKx4DOCmA==",
      "requires": {
        "spdx-expression-parse": "2.0.2",
        "spdx-license-ids": "2.0.1"
      },
      "dependencies": {
        "spdx-expression-parse": {
          "version": "2.0.2",
          "resolved": "https://registry.npmjs.org/spdx-expression-parse/-/spdx-expression-parse-2.0.2.tgz",
          "integrity": "sha512-oFxOkWCfFS0ltNp0H66gXlU4NF6bxg7RkoTYR0413t+yTY9zyj+AIWsjtN8dcVp6703ijDYBWBIARlJ7DkyP9Q==",
          "requires": {
            "spdx-exceptions": "2.1.0",
            "spdx-license-ids": "2.0.1"
          }
        }
      }
    },
    "spdx-exceptions": {
      "version": "2.1.0",
      "resolved": "https://registry.npmjs.org/spdx-exceptions/-/spdx-exceptions-2.1.0.tgz",
      "integrity": "sha512-4K1NsmrlCU1JJgUrtgEeTVyfx8VaYea9J9LvARxhbHtVtohPs/gFGG5yy49beySjlIMhhXZ4QqujIZEfS4l6Cg=="
    },
    "spdx-expression-parse": {
      "version": "3.0.0",
      "resolved": "https://registry.npmjs.org/spdx-expression-parse/-/spdx-expression-parse-3.0.0.tgz",
      "integrity": "sha512-Yg6D3XpRD4kkOmTpdgbUiEJFKghJH03fiC1OPll5h/0sO6neh2jqRDVHOQ4o/LMea0tgCkbMgea5ip/e+MkWyg==",
      "requires": {
        "spdx-exceptions": "2.1.0",
        "spdx-license-ids": "3.0.0"
      },
      "dependencies": {
        "spdx-license-ids": {
          "version": "3.0.0",
          "resolved": "https://registry.npmjs.org/spdx-license-ids/-/spdx-license-ids-3.0.0.tgz",
          "integrity": "sha512-2+EPwgbnmOIl8HjGBXXMd9NAu02vLjOO1nWw4kmeRDFyHn+M/ETfHxQUK0oXg8ctgVnl9t3rosNVsZ1jG61nDA=="
        }
      }
    },
    "spdx-license-ids": {
      "version": "2.0.1",
      "resolved": "https://registry.npmjs.org/spdx-license-ids/-/spdx-license-ids-2.0.1.tgz",
      "integrity": "sha1-AgF7zDU07k/+9tWNIOfT6aHDyOw="
    },
    "stream-replace": {
      "version": "1.0.0",
      "resolved": "https://registry.npmjs.org/stream-replace/-/stream-replace-1.0.0.tgz",
      "integrity": "sha1-CswL8ydWYmZuSLxdoiwIBwCyaQ0=",
      "dev": true
    },
    "string.prototype.repeat": {
      "version": "0.2.0",
      "resolved": "https://registry.npmjs.org/string.prototype.repeat/-/string.prototype.repeat-0.2.0.tgz",
      "integrity": "sha1-q6Nt4I3O5qWjN9SbLqHaGyj8Ds8=",
      "dev": true
    }
  }
}
